
Microsoft Visual Studio Solution File, Format Version 12.00
# Visual Studio Version 17
VisualStudioVersion = 17.8.34004.107
MinimumVisualStudioVersion = 10.0.40219.1
Project("{FAE04EC0-301F-11D3-BF4B-00C04F79EFBC}") = "Calculator", "Calculator\Calculator.csproj", "{803DF4EA-8D32-4050-BF22-8BBE465CFE0B}"
EndProject
Global
	GlobalSection(SolutionConfigurationPlatforms) = preSolution
		Debug|Any CPU = Debug|Any CPU
		Release|Any CPU = Release|Any CPU
	EndGlobalSection
	GlobalSection(ProjectConfigurationPlatforms) = postSolution
		{803DF4EA-8D32-4050-BF22-8BBE465CFE0B}.Debug|Any CPU.ActiveCfg = Debug|Any CPU
		{803DF4EA-8D32-4050-BF22-8BBE465CFE0B}.Debug|Any CPU.Build.0 = Debug|Any CPU
		{803DF4EA-8D32-4050-BF22-8BBE465CFE0B}.Release|Any CPU.ActiveCfg = Release|Any CPU
		{803DF4EA-8D32-4050-BF22-8BBE465CFE0B}.Release|Any CPU.Build.0 = Release|Any CPU
	EndGlobalSection
	GlobalSection(SolutionProperties) = preSolution
		HideSolutionNode = FALSE
	EndGlobalSection
	GlobalSection(ExtensibilityGlobals) = postSolution
		SolutionGuid = {11A9AA59-816D-41BD-B060-21FF324DC4CB}
	EndGlobalSection
EndGlobal
